
Microsoft Visual Studio Solution File, Format Version 12.00
# Visual Studio 15
VisualStudioVersion = 15.0.26124.0
MinimumVisualStudioVersion = 15.0.26124.0
Project("{FAE04EC0-301F-11D3-BF4B-00C04F79EFBC}") = "Blog.Api", "Blog.Api\Blog.Api.csproj", "{CF88B12B-1104-4C97-A62F-E23A46B1A708}"
EndProject
Project("{FAE04EC0-301F-11D3-BF4B-00C04F79EFBC}") = "Blog.Api.Test", "Blog.Api.Test\Blog.Api.Test.csproj", "{AC6E02BA-2C7A-4F3C-9F24-9D796EB8DAEB}"
EndProject
Global
	GlobalSection(SolutionConfigurationPlatforms) = preSolution
		Debug|Any CPU = Debug|Any CPU
		Debug|x64 = Debug|x64
		Debug|x86 = Debug|x86
		Release|Any CPU = Release|Any CPU
		Release|x64 = Release|x64
		Release|x86 = Release|x86
	EndGlobalSection
	GlobalSection(SolutionProperties) = preSolution
		HideSolutionNode = FALSE
	EndGlobalSection
	GlobalSection(ProjectConfigurationPlatforms) = postSolution
		{CF88B12B-1104-4C97-A62F-E23A46B1A708}.Debug|Any CPU.ActiveCfg = Debug|Any CPU
		{CF88B12B-1104-4C97-A62F-E23A46B1A708}.Debug|Any CPU.Build.0 = Debug|Any CPU
		{CF88B12B-1104-4C97-A62F-E23A46B1A708}.Debug|x64.ActiveCfg = Debug|Any CPU
		{CF88B12B-1104-4C97-A62F-E23A46B1A708}.Debug|x64.Build.0 = Debug|Any CPU
		{CF88B12B-1104-4C97-A62F-E23A46B1A708}.Debug|x86.ActiveCfg = Debug|Any CPU
		{CF88B12B-1104-4C97-A62F-E23A46B1A708}.Debug|x86.Build.0 = Debug|Any CPU
		{CF88B12B-1104-4C97-A62F-E23A46B1A708}.Release|Any CPU.ActiveCfg = Release|Any CPU
		{CF88B12B-1104-4C97-A62F-E23A46B1A708}.Release|Any CPU.Build.0 = Release|Any CPU
		{CF88B12B-1104-4C97-A62F-E23A46B1A708}.Release|x64.ActiveCfg = Release|Any CPU
		{CF88B12B-1104-4C97-A62F-E23A46B1A708}.Release|x64.Build.0 = Release|Any CPU
		{CF88B12B-1104-4C97-A62F-E23A46B1A708}.Release|x86.ActiveCfg = Release|Any CPU
		{CF88B12B-1104-4C97-A62F-E23A46B1A708}.Release|x86.Build.0 = Release|Any CPU
		{AC6E02BA-2C7A-4F3C-9F24-9D796EB8DAEB}.Debug|Any CPU.ActiveCfg = Debug|Any CPU
		{AC6E02BA-2C7A-4F3C-9F24-9D796EB8DAEB}.Debug|Any CPU.Build.0 = Debug|Any CPU
		{AC6E02BA-2C7A-4F3C-9F24-9D796EB8DAEB}.Debug|x64.ActiveCfg = Debug|Any CPU
		{AC6E02BA-2C7A-4F3C-9F24-9D796EB8DAEB}.Debug|x64.Build.0 = Debug|Any CPU
		{AC6E02BA-2C7A-4F3C-9F24-9D796EB8DAEB}.Debug|x86.ActiveCfg = Debug|Any CPU
		{AC6E02BA-2C7A-4F3C-9F24-9D796EB8DAEB}.Debug|x86.Build.0 = Debug|Any CPU
		{AC6E02BA-2C7A-4F3C-9F24-9D796EB8DAEB}.Release|Any CPU.ActiveCfg = Release|Any CPU
		{AC6E02BA-2C7A-4F3C-9F24-9D796EB8DAEB}.Release|Any CPU.Build.0 = Release|Any CPU
		{AC6E02BA-2C7A-4F3C-9F24-9D796EB8DAEB}.Release|x64.ActiveCfg = Release|Any CPU
		{AC6E02BA-2C7A-4F3C-9F24-9D796EB8DAEB}.Release|x64.Build.0 = Release|Any CPU
		{AC6E02BA-2C7A-4F3C-9F24-9D796EB8DAEB}.Release|x86.ActiveCfg = Release|Any CPU
		{AC6E02BA-2C7A-4F3C-9F24-9D796EB8DAEB}.Release|x86.Build.0 = Release|Any CPU
	EndGlobalSection
EndGlobal
